// !$*UTF8*$!
{
	archiveVersion = 1;
	classes = {
	};
	objectVersion = 48;
	objects = {

/* Begin PBXBuildFile section */
		148B280B9083457664C8A1DD /* Pods_collectively.framework in Frameworks */ = {isa = PBXBuildFile; fileRef = 6765A99124100B60E1985E7F /* Pods_collectively.framework */; };
		6B8ED5FB57990FD982E3993F /* Pods_collectivelyTests.framework in Frameworks */ = {isa = PBXBuildFile; fileRef = BA6F02C0BB501ABD5C5B4422 /* Pods_collectivelyTests.framework */; };
		89150FEC1F7D7AD400252319 /* AppDelegate.swift in Sources */ = {isa = PBXBuildFile; fileRef = 89150FEB1F7D7AD400252319 /* AppDelegate.swift */; };
		89150FF11F7D7AD400252319 /* Main.storyboard in Resources */ = {isa = PBXBuildFile; fileRef = 89150FEF1F7D7AD400252319 /* Main.storyboard */; };
		89150FF31F7D7AD400252319 /* Assets.xcassets in Resources */ = {isa = PBXBuildFile; fileRef = 89150FF21F7D7AD400252319 /* Assets.xcassets */; };
		89150FF61F7D7AD400252319 /* LaunchScreen.storyboard in Resources */ = {isa = PBXBuildFile; fileRef = 89150FF41F7D7AD400252319 /* LaunchScreen.storyboard */; };
		891510011F7D7AD500252319 /* collectivelyTests.swift in Sources */ = {isa = PBXBuildFile; fileRef = 891510001F7D7AD500252319 /* collectivelyTests.swift */; };
		8915100C1F7D7AD500252319 /* collectivelyUITests.swift in Sources */ = {isa = PBXBuildFile; fileRef = 8915100B1F7D7AD500252319 /* collectivelyUITests.swift */; };
		8915101B1F7D7AFF00252319 /* Login.storyboard in Resources */ = {isa = PBXBuildFile; fileRef = 8915101A1F7D7AFF00252319 /* Login.storyboard */; };
		8915101D1F7D7B0A00252319 /* Login.swift in Sources */ = {isa = PBXBuildFile; fileRef = 8915101C1F7D7B0A00252319 /* Login.swift */; };
		891510201F7D7B2100252319 /* Map.storyboard in Resources */ = {isa = PBXBuildFile; fileRef = 8915101F1F7D7B2100252319 /* Map.storyboard */; };
		891510221F7D7B3200252319 /* MapController.swift in Sources */ = {isa = PBXBuildFile; fileRef = 891510211F7D7B3200252319 /* MapController.swift */; };
		891510281F7D7E2800252319 /* Users.storyboard in Resources */ = {isa = PBXBuildFile; fileRef = 891510271F7D7E2800252319 /* Users.storyboard */; };
		8915102A1F7D7E3200252319 /* Users.swift in Sources */ = {isa = PBXBuildFile; fileRef = 891510291F7D7E3200252319 /* Users.swift */; };
		8915102C1F7D7E3B00252319 /* Profile.storyboard in Resources */ = {isa = PBXBuildFile; fileRef = 8915102B1F7D7E3B00252319 /* Profile.storyboard */; };
		8915102E1F7D7E4500252319 /* Profile.swift in Sources */ = {isa = PBXBuildFile; fileRef = 8915102D1F7D7E4500252319 /* Profile.swift */; };
		891510301F7D7E5500252319 /* Statistics.swift in Sources */ = {isa = PBXBuildFile; fileRef = 8915102F1F7D7E5500252319 /* Statistics.swift */; };
		891510321F7D7E5E00252319 /* Statistics.storyboard in Resources */ = {isa = PBXBuildFile; fileRef = 891510311F7D7E5E00252319 /* Statistics.storyboard */; };
		89237C491F8418470087F922 /* MapElements.swift in Sources */ = {isa = PBXBuildFile; fileRef = 89237C481F8418470087F922 /* MapElements.swift */; };
		89237C4C1F841A010087F922 /* MapModel.swift in Sources */ = {isa = PBXBuildFile; fileRef = 89237C4B1F841A010087F922 /* MapModel.swift */; };
		89237C4E1F841AA00087F922 /* ApiError.swift in Sources */ = {isa = PBXBuildFile; fileRef = 89237C4D1F841AA00087F922 /* ApiError.swift */; };
		8937874D1FCA03940044A704 /* Problem.storyboard in Resources */ = {isa = PBXBuildFile; fileRef = 8937874C1FCA03940044A704 /* Problem.storyboard */; };
		8937874F1FCA03AE0044A704 /* ProblemViewController.swift in Sources */ = {isa = PBXBuildFile; fileRef = 8937874E1FCA03AE0044A704 /* ProblemViewController.swift */; };
		893787521FCA049C0044A704 /* GroupCell.xib in Resources */ = {isa = PBXBuildFile; fileRef = 893787511FCA049C0044A704 /* GroupCell.xib */; };
		893787541FCA04A90044A704 /* GroupCell.swift in Sources */ = {isa = PBXBuildFile; fileRef = 893787531FCA04A90044A704 /* GroupCell.swift */; };
		893787561FCA07EF0044A704 /* TableViewExtension.swift in Sources */ = {isa = PBXBuildFile; fileRef = 893787551FCA07EF0044A704 /* TableViewExtension.swift */; };
		893787581FCA09E10044A704 /* LocationCell.xib in Resources */ = {isa = PBXBuildFile; fileRef = 893787571FCA09E10044A704 /* LocationCell.xib */; };
		8937875A1FCA09ED0044A704 /* LocationCell.swift in Sources */ = {isa = PBXBuildFile; fileRef = 893787591FCA09ED0044A704 /* LocationCell.swift */; };
		8937875C1FCA0ABB0044A704 /* DescriptionCell.xib in Resources */ = {isa = PBXBuildFile; fileRef = 8937875B1FCA0ABB0044A704 /* DescriptionCell.xib */; };
		8937875E1FCA0B1C0044A704 /* DescriptionCell.swift in Sources */ = {isa = PBXBuildFile; fileRef = 8937875D1FCA0B1C0044A704 /* DescriptionCell.swift */; };
		893787601FCA127D0044A704 /* VoteCell.swift in Sources */ = {isa = PBXBuildFile; fileRef = 8937875F1FCA127D0044A704 /* VoteCell.swift */; };
		893787621FCA12930044A704 /* VoteCell.xib in Resources */ = {isa = PBXBuildFile; fileRef = 893787611FCA12930044A704 /* VoteCell.xib */; };
		893787641FCA13C90044A704 /* HistoryAndCommentsCell.xib in Resources */ = {isa = PBXBuildFile; fileRef = 893787631FCA13C90044A704 /* HistoryAndCommentsCell.xib */; };
		893787661FCA15800044A704 /* HistoryAndComments.swift in Sources */ = {isa = PBXBuildFile; fileRef = 893787651FCA15800044A704 /* HistoryAndComments.swift */; };
		8940D6411F8433F20037BD23 /* RemarkGroup.swift in Sources */ = {isa = PBXBuildFile; fileRef = 8940D6401F8433F20037BD23 /* RemarkGroup.swift */; };
		894109C61F829E4A00D25D81 /* RoundedButton.swift in Sources */ = {isa = PBXBuildFile; fileRef = 894109C51F829E4A00D25D81 /* RoundedButton.swift */; };
		894109C81F82A0AA00D25D81 /* Msg.swift in Sources */ = {isa = PBXBuildFile; fileRef = 894109C71F82A0AA00D25D81 /* Msg.swift */; };
		894109CE1F82A1EC00D25D81 /* Localizable.strings in Resources */ = {isa = PBXBuildFile; fileRef = 894109D01F82A1EC00D25D81 /* Localizable.strings */; };
		8986EEB61F856EC10015B534 /* MainTabBarController.swift in Sources */ = {isa = PBXBuildFile; fileRef = 8986EEB51F856EC10015B534 /* MainTabBarController.swift */; };
		8986EEB81F8570210015B534 /* ColorExtensions.swift in Sources */ = {isa = PBXBuildFile; fileRef = 8986EEB71F8570210015B534 /* ColorExtensions.swift */; };
		89AF4AC81F841DAD00C9580A /* Extensions.swift in Sources */ = {isa = PBXBuildFile; fileRef = 89AF4AC71F841DAD00C9580A /* Extensions.swift */; };
		89AF4ACA1F8426A500C9580A /* LocationModel.swift in Sources */ = {isa = PBXBuildFile; fileRef = 89AF4AC91F8426A500C9580A /* LocationModel.swift */; };
		89AF4ACC1F84290C00C9580A /* CLAnnotation.swift in Sources */ = {isa = PBXBuildFile; fileRef = 89AF4ACB1F84290C00C9580A /* CLAnnotation.swift */; };
		89D064331F82906B007FF348 /* APIManager.swift in Sources */ = {isa = PBXBuildFile; fileRef = 89D064321F82906B007FF348 /* APIManager.swift */; };
		89D064351F8291AC007FF348 /* Sockets.swift in Sources */ = {isa = PBXBuildFile; fileRef = 89D064341F8291AC007FF348 /* Sockets.swift */; };
		89D064371F8293A6007FF348 /* Authentication.swift in Sources */ = {isa = PBXBuildFile; fileRef = 89D064361F8293A6007FF348 /* Authentication.swift */; };
		89D064391F8295D0007FF348 /* Keys.plist in Resources */ = {isa = PBXBuildFile; fileRef = 89D064381F8295D0007FF348 /* Keys.plist */; };
		C8627A3CA5635946DF77F159 /* Pods_collectivelyUITests.framework in Frameworks */ = {isa = PBXBuildFile; fileRef = 75FB3AC42D4889E78BA331A0 /* Pods_collectivelyUITests.framework */; };
/* End PBXBuildFile section */

/* Begin PBXContainerItemProxy section */
		89150FFD1F7D7AD500252319 /* PBXContainerItemProxy */ = {
			isa = PBXContainerItemProxy;
			containerPortal = 89150FE01F7D7AD400252319 /* Project object */;
			proxyType = 1;
			remoteGlobalIDString = 89150FE71F7D7AD400252319;
			remoteInfo = collectively;
		};
		891510081F7D7AD500252319 /* PBXContainerItemProxy */ = {
			isa = PBXContainerItemProxy;
			containerPortal = 89150FE01F7D7AD400252319 /* Project object */;
			proxyType = 1;
			remoteGlobalIDString = 89150FE71F7D7AD400252319;
			remoteInfo = collectively;
		};
/* End PBXContainerItemProxy section */

/* Begin PBXFileReference section */
		2F4C469BE78C382713326AC8 /* Pods-collectivelyUITests.release.xcconfig */ = {isa = PBXFileReference; includeInIndex = 1; lastKnownFileType = text.xcconfig; name = "Pods-collectivelyUITests.release.xcconfig"; path = "Pods/Target Support Files/Pods-collectivelyUITests/Pods-collectivelyUITests.release.xcconfig"; sourceTree = "<group>"; };
		6765A99124100B60E1985E7F /* Pods_collectively.framework */ = {isa = PBXFileReference; explicitFileType = wrapper.framework; includeInIndex = 0; path = Pods_collectively.framework; sourceTree = BUILT_PRODUCTS_DIR; };
		6D171856B922ED0171ADE180 /* Pods-collectively.release.xcconfig */ = {isa = PBXFileReference; includeInIndex = 1; lastKnownFileType = text.xcconfig; name = "Pods-collectively.release.xcconfig"; path = "Pods/Target Support Files/Pods-collectively/Pods-collectively.release.xcconfig"; sourceTree = "<group>"; };
		75FB3AC42D4889E78BA331A0 /* Pods_collectivelyUITests.framework */ = {isa = PBXFileReference; explicitFileType = wrapper.framework; includeInIndex = 0; path = Pods_collectivelyUITests.framework; sourceTree = BUILT_PRODUCTS_DIR; };
		89150FE81F7D7AD400252319 /* collectively.app */ = {isa = PBXFileReference; explicitFileType = wrapper.application; includeInIndex = 0; path = collectively.app; sourceTree = BUILT_PRODUCTS_DIR; };
		89150FEB1F7D7AD400252319 /* AppDelegate.swift */ = {isa = PBXFileReference; lastKnownFileType = sourcecode.swift; path = AppDelegate.swift; sourceTree = "<group>"; };
		89150FF01F7D7AD400252319 /* Base */ = {isa = PBXFileReference; lastKnownFileType = file.storyboard; name = Base; path = Base.lproj/Main.storyboard; sourceTree = "<group>"; };
		89150FF21F7D7AD400252319 /* Assets.xcassets */ = {isa = PBXFileReference; lastKnownFileType = folder.assetcatalog; path = Assets.xcassets; sourceTree = "<group>"; };
		89150FF51F7D7AD400252319 /* Base */ = {isa = PBXFileReference; lastKnownFileType = file.storyboard; name = Base; path = Base.lproj/LaunchScreen.storyboard; sourceTree = "<group>"; };
		89150FF71F7D7AD400252319 /* Info.plist */ = {isa = PBXFileReference; lastKnownFileType = text.plist.xml; path = Info.plist; sourceTree = "<group>"; };
		89150FFC1F7D7AD500252319 /* collectivelyTests.xctest */ = {isa = PBXFileReference; explicitFileType = wrapper.cfbundle; includeInIndex = 0; path = collectivelyTests.xctest; sourceTree = BUILT_PRODUCTS_DIR; };
		891510001F7D7AD500252319 /* collectivelyTests.swift */ = {isa = PBXFileReference; lastKnownFileType = sourcecode.swift; path = collectivelyTests.swift; sourceTree = "<group>"; };
		891510021F7D7AD500252319 /* Info.plist */ = {isa = PBXFileReference; lastKnownFileType = text.plist.xml; path = Info.plist; sourceTree = "<group>"; };
		891510071F7D7AD500252319 /* collectivelyUITests.xctest */ = {isa = PBXFileReference; explicitFileType = wrapper.cfbundle; includeInIndex = 0; path = collectivelyUITests.xctest; sourceTree = BUILT_PRODUCTS_DIR; };
		8915100B1F7D7AD500252319 /* collectivelyUITests.swift */ = {isa = PBXFileReference; lastKnownFileType = sourcecode.swift; path = collectivelyUITests.swift; sourceTree = "<group>"; };
		8915100D1F7D7AD500252319 /* Info.plist */ = {isa = PBXFileReference; lastKnownFileType = text.plist.xml; path = Info.plist; sourceTree = "<group>"; };
		8915101A1F7D7AFF00252319 /* Login.storyboard */ = {isa = PBXFileReference; lastKnownFileType = file.storyboard; path = Login.storyboard; sourceTree = "<group>"; };
		8915101C1F7D7B0A00252319 /* Login.swift */ = {isa = PBXFileReference; lastKnownFileType = sourcecode.swift; path = Login.swift; sourceTree = "<group>"; };
		8915101F1F7D7B2100252319 /* Map.storyboard */ = {isa = PBXFileReference; lastKnownFileType = file.storyboard; path = Map.storyboard; sourceTree = "<group>"; };
		891510211F7D7B3200252319 /* MapController.swift */ = {isa = PBXFileReference; lastKnownFileType = sourcecode.swift; path = MapController.swift; sourceTree = "<group>"; };
		891510271F7D7E2800252319 /* Users.storyboard */ = {isa = PBXFileReference; lastKnownFileType = file.storyboard; path = Users.storyboard; sourceTree = "<group>"; };
		891510291F7D7E3200252319 /* Users.swift */ = {isa = PBXFileReference; lastKnownFileType = sourcecode.swift; path = Users.swift; sourceTree = "<group>"; };
		8915102B1F7D7E3B00252319 /* Profile.storyboard */ = {isa = PBXFileReference; lastKnownFileType = file.storyboard; path = Profile.storyboard; sourceTree = "<group>"; };
		8915102D1F7D7E4500252319 /* Profile.swift */ = {isa = PBXFileReference; lastKnownFileType = sourcecode.swift; path = Profile.swift; sourceTree = "<group>"; };
		8915102F1F7D7E5500252319 /* Statistics.swift */ = {isa = PBXFileReference; lastKnownFileType = sourcecode.swift; path = Statistics.swift; sourceTree = "<group>"; };
		891510311F7D7E5E00252319 /* Statistics.storyboard */ = {isa = PBXFileReference; lastKnownFileType = file.storyboard; path = Statistics.storyboard; sourceTree = "<group>"; };
		8917EEFD1F7D821C004D4BFC /* FBSDKLoginKit.framework */ = {isa = PBXFileReference; lastKnownFileType = wrapper.framework; name = FBSDKLoginKit.framework; path = Frameworks/FBSDKLoginKit.framework; sourceTree = "<group>"; };
		8917EEFF1F7D821E004D4BFC /* FBSDKCoreKit.framework */ = {isa = PBXFileReference; lastKnownFileType = wrapper.framework; name = FBSDKCoreKit.framework; path = Frameworks/FBSDKCoreKit.framework; sourceTree = "<group>"; };
		89237C481F8418470087F922 /* MapElements.swift */ = {isa = PBXFileReference; lastKnownFileType = sourcecode.swift; path = MapElements.swift; sourceTree = "<group>"; };
		89237C4B1F841A010087F922 /* MapModel.swift */ = {isa = PBXFileReference; fileEncoding = 4; lastKnownFileType = sourcecode.swift; path = MapModel.swift; sourceTree = "<group>"; };
		89237C4D1F841AA00087F922 /* ApiError.swift */ = {isa = PBXFileReference; lastKnownFileType = sourcecode.swift; path = ApiError.swift; sourceTree = "<group>"; };
		8937874C1FCA03940044A704 /* Problem.storyboard */ = {isa = PBXFileReference; lastKnownFileType = file.storyboard; path = Problem.storyboard; sourceTree = "<group>"; };
		8937874E1FCA03AE0044A704 /* ProblemViewController.swift */ = {isa = PBXFileReference; lastKnownFileType = sourcecode.swift; path = ProblemViewController.swift; sourceTree = "<group>"; };
		893787511FCA049C0044A704 /* GroupCell.xib */ = {isa = PBXFileReference; lastKnownFileType = file.xib; path = GroupCell.xib; sourceTree = "<group>"; };
		893787531FCA04A90044A704 /* GroupCell.swift */ = {isa = PBXFileReference; lastKnownFileType = sourcecode.swift; path = GroupCell.swift; sourceTree = "<group>"; };
		893787551FCA07EF0044A704 /* TableViewExtension.swift */ = {isa = PBXFileReference; lastKnownFileType = sourcecode.swift; path = TableViewExtension.swift; sourceTree = "<group>"; };
		893787571FCA09E10044A704 /* LocationCell.xib */ = {isa = PBXFileReference; lastKnownFileType = file.xib; path = LocationCell.xib; sourceTree = "<group>"; };
		893787591FCA09ED0044A704 /* LocationCell.swift */ = {isa = PBXFileReference; lastKnownFileType = sourcecode.swift; path = LocationCell.swift; sourceTree = "<group>"; };
		8937875B1FCA0ABB0044A704 /* DescriptionCell.xib */ = {isa = PBXFileReference; lastKnownFileType = file.xib; path = DescriptionCell.xib; sourceTree = "<group>"; };
		8937875D1FCA0B1C0044A704 /* DescriptionCell.swift */ = {isa = PBXFileReference; lastKnownFileType = sourcecode.swift; path = DescriptionCell.swift; sourceTree = "<group>"; };
		8937875F1FCA127D0044A704 /* VoteCell.swift */ = {isa = PBXFileReference; lastKnownFileType = sourcecode.swift; path = VoteCell.swift; sourceTree = "<group>"; };
		893787611FCA12930044A704 /* VoteCell.xib */ = {isa = PBXFileReference; lastKnownFileType = file.xib; path = VoteCell.xib; sourceTree = "<group>"; };
		893787631FCA13C90044A704 /* HistoryAndCommentsCell.xib */ = {isa = PBXFileReference; lastKnownFileType = file.xib; path = HistoryAndCommentsCell.xib; sourceTree = "<group>"; };
		893787651FCA15800044A704 /* HistoryAndComments.swift */ = {isa = PBXFileReference; lastKnownFileType = sourcecode.swift; path = HistoryAndComments.swift; sourceTree = "<group>"; };
		8940D6401F8433F20037BD23 /* RemarkGroup.swift */ = {isa = PBXFileReference; lastKnownFileType = sourcecode.swift; path = RemarkGroup.swift; sourceTree = "<group>"; };
		894109C51F829E4A00D25D81 /* RoundedButton.swift */ = {isa = PBXFileReference; lastKnownFileType = sourcecode.swift; path = RoundedButton.swift; sourceTree = "<group>"; };
		894109C71F82A0AA00D25D81 /* Msg.swift */ = {isa = PBXFileReference; lastKnownFileType = sourcecode.swift; path = Msg.swift; sourceTree = "<group>"; };
		894109CF1F82A1EC00D25D81 /* en */ = {isa = PBXFileReference; lastKnownFileType = text.plist.strings; name = en; path = en.lproj/Localizable.strings; sourceTree = "<group>"; };
		894109D11F82A1FC00D25D81 /* pl */ = {isa = PBXFileReference; lastKnownFileType = text.plist.strings; name = pl; path = pl.lproj/Localizable.strings; sourceTree = "<group>"; };
		8986EEB51F856EC10015B534 /* MainTabBarController.swift */ = {isa = PBXFileReference; lastKnownFileType = sourcecode.swift; path = MainTabBarController.swift; sourceTree = "<group>"; };
		8986EEB71F8570210015B534 /* ColorExtensions.swift */ = {isa = PBXFileReference; lastKnownFileType = sourcecode.swift; path = ColorExtensions.swift; sourceTree = "<group>"; };
		89AF4AC71F841DAD00C9580A /* Extensions.swift */ = {isa = PBXFileReference; lastKnownFileType = sourcecode.swift; path = Extensions.swift; sourceTree = "<group>"; };
		89AF4AC91F8426A500C9580A /* LocationModel.swift */ = {isa = PBXFileReference; lastKnownFileType = sourcecode.swift; path = LocationModel.swift; sourceTree = "<group>"; };
		89AF4ACB1F84290C00C9580A /* CLAnnotation.swift */ = {isa = PBXFileReference; lastKnownFileType = sourcecode.swift; path = CLAnnotation.swift; sourceTree = "<group>"; };
		89D064321F82906B007FF348 /* APIManager.swift */ = {isa = PBXFileReference; lastKnownFileType = sourcecode.swift; path = APIManager.swift; sourceTree = "<group>"; };
		89D064341F8291AC007FF348 /* Sockets.swift */ = {isa = PBXFileReference; lastKnownFileType = sourcecode.swift; path = Sockets.swift; sourceTree = "<group>"; };
		89D064361F8293A6007FF348 /* Authentication.swift */ = {isa = PBXFileReference; lastKnownFileType = sourcecode.swift; path = Authentication.swift; sourceTree = "<group>"; };
		89D064381F8295D0007FF348 /* Keys.plist */ = {isa = PBXFileReference; lastKnownFileType = text.plist.xml; path = Keys.plist; sourceTree = "<group>"; };
		8F796AB714B6562DB8A02B46 /* Pods-collectively.debug.xcconfig */ = {isa = PBXFileReference; includeInIndex = 1; lastKnownFileType = text.xcconfig; name = "Pods-collectively.debug.xcconfig"; path = "Pods/Target Support Files/Pods-collectively/Pods-collectively.debug.xcconfig"; sourceTree = "<group>"; };
		B3A6ECCEAAF87E75A682313B /* Pods-collectivelyTests.release.xcconfig */ = {isa = PBXFileReference; includeInIndex = 1; lastKnownFileType = text.xcconfig; name = "Pods-collectivelyTests.release.xcconfig"; path = "Pods/Target Support Files/Pods-collectivelyTests/Pods-collectivelyTests.release.xcconfig"; sourceTree = "<group>"; };
		BA6F02C0BB501ABD5C5B4422 /* Pods_collectivelyTests.framework */ = {isa = PBXFileReference; explicitFileType = wrapper.framework; includeInIndex = 0; path = Pods_collectivelyTests.framework; sourceTree = BUILT_PRODUCTS_DIR; };
		D25D9ECEDD6A93CCB81CF52C /* Pods-collectivelyUITests.debug.xcconfig */ = {isa = PBXFileReference; includeInIndex = 1; lastKnownFileType = text.xcconfig; name = "Pods-collectivelyUITests.debug.xcconfig"; path = "Pods/Target Support Files/Pods-collectivelyUITests/Pods-collectivelyUITests.debug.xcconfig"; sourceTree = "<group>"; };
		EE9A2C32D4ED7B18A404C19D /* Pods-collectivelyTests.debug.xcconfig */ = {isa = PBXFileReference; includeInIndex = 1; lastKnownFileType = text.xcconfig; name = "Pods-collectivelyTests.debug.xcconfig"; path = "Pods/Target Support Files/Pods-collectivelyTests/Pods-collectivelyTests.debug.xcconfig"; sourceTree = "<group>"; };
/* End PBXFileReference section */

/* Begin PBXFrameworksBuildPhase section */
		89150FE51F7D7AD400252319 /* Frameworks */ = {
			isa = PBXFrameworksBuildPhase;
			buildActionMask = 2147483647;
			files = (
				148B280B9083457664C8A1DD /* Pods_collectively.framework in Frameworks */,
			);
			runOnlyForDeploymentPostprocessing = 0;
		};
		89150FF91F7D7AD500252319 /* Frameworks */ = {
			isa = PBXFrameworksBuildPhase;
			buildActionMask = 2147483647;
			files = (
				6B8ED5FB57990FD982E3993F /* Pods_collectivelyTests.framework in Frameworks */,
			);
			runOnlyForDeploymentPostprocessing = 0;
		};
		891510041F7D7AD500252319 /* Frameworks */ = {
			isa = PBXFrameworksBuildPhase;
			buildActionMask = 2147483647;
			files = (
				C8627A3CA5635946DF77F159 /* Pods_collectivelyUITests.framework in Frameworks */,
			);
			runOnlyForDeploymentPostprocessing = 0;
		};
/* End PBXFrameworksBuildPhase section */

/* Begin PBXGroup section */
		89150FDF1F7D7AD400252319 = {
			isa = PBXGroup;
			children = (
				89D064381F8295D0007FF348 /* Keys.plist */,
				89150FEA1F7D7AD400252319 /* collectively */,
				891510231F7D7BCE00252319 /* Supporting Files */,
				89150FFF1F7D7AD500252319 /* collectivelyTests */,
				8915100A1F7D7AD500252319 /* collectivelyUITests */,
				89150FE91F7D7AD400252319 /* Products */,
				8917EEFC1F7D821C004D4BFC /* Frameworks */,
				D55B6BE2F9D9DFF6D217B160 /* Pods */,
			);
			sourceTree = "<group>";
		};
		89150FE91F7D7AD400252319 /* Products */ = {
			isa = PBXGroup;
			children = (
				89150FE81F7D7AD400252319 /* collectively.app */,
				89150FFC1F7D7AD500252319 /* collectivelyTests.xctest */,
				891510071F7D7AD500252319 /* collectivelyUITests.xctest */,
			);
			name = Products;
			sourceTree = "<group>";
		};
		89150FEA1F7D7AD400252319 /* collectively */ = {
			isa = PBXGroup;
			children = (
				89237C4A1F8419E20087F922 /* Models */,
				894109C41F829E3900D25D81 /* utils */,
				89D064311F829059007FF348 /* API */,
				89D064301F829044007FF348 /* controllers */,
			);
			path = collectively;
			sourceTree = "<group>";
		};
		89150FFF1F7D7AD500252319 /* collectivelyTests */ = {
			isa = PBXGroup;
			children = (
				891510001F7D7AD500252319 /* collectivelyTests.swift */,
				891510021F7D7AD500252319 /* Info.plist */,
			);
			path = collectivelyTests;
			sourceTree = "<group>";
		};
		8915100A1F7D7AD500252319 /* collectivelyUITests */ = {
			isa = PBXGroup;
			children = (
				8915100B1F7D7AD500252319 /* collectivelyUITests.swift */,
				8915100D1F7D7AD500252319 /* Info.plist */,
			);
			path = collectivelyUITests;
			sourceTree = "<group>";
		};
		891510191F7D7AF300252319 /* login */ = {
			isa = PBXGroup;
			children = (
				8915101A1F7D7AFF00252319 /* Login.storyboard */,
				8915101C1F7D7B0A00252319 /* Login.swift */,
			);
			path = login;
			sourceTree = "<group>";
		};
		8915101E1F7D7B1700252319 /* map */ = {
			isa = PBXGroup;
			children = (
				8915101F1F7D7B2100252319 /* Map.storyboard */,
				891510211F7D7B3200252319 /* MapController.swift */,
				89AF4ACB1F84290C00C9580A /* CLAnnotation.swift */,
			);
			path = map;
			sourceTree = "<group>";
		};
		891510231F7D7BCE00252319 /* Supporting Files */ = {
			isa = PBXGroup;
			children = (
				89150FEB1F7D7AD400252319 /* AppDelegate.swift */,
				89150FF71F7D7AD400252319 /* Info.plist */,
				89150FF21F7D7AD400252319 /* Assets.xcassets */,
				89150FF41F7D7AD400252319 /* LaunchScreen.storyboard */,
				894109D01F82A1EC00D25D81 /* Localizable.strings */,
			);
			path = "Supporting Files";
			sourceTree = "<group>";
		};
		891510241F7D7E0300252319 /* statistics */ = {
			isa = PBXGroup;
			children = (
				8915102F1F7D7E5500252319 /* Statistics.swift */,
				891510311F7D7E5E00252319 /* Statistics.storyboard */,
			);
			path = statistics;
			sourceTree = "<group>";
		};
		891510251F7D7E0D00252319 /* profile */ = {
			isa = PBXGroup;
			children = (
				8915102B1F7D7E3B00252319 /* Profile.storyboard */,
				8915102D1F7D7E4500252319 /* Profile.swift */,
			);
			path = profile;
			sourceTree = "<group>";
		};
		891510261F7D7E1900252319 /* users */ = {
			isa = PBXGroup;
			children = (
				891510271F7D7E2800252319 /* Users.storyboard */,
				891510291F7D7E3200252319 /* Users.swift */,
			);
			path = users;
			sourceTree = "<group>";
		};
		8917EEFC1F7D821C004D4BFC /* Frameworks */ = {
			isa = PBXGroup;
			children = (
				8917EEFF1F7D821E004D4BFC /* FBSDKCoreKit.framework */,
				8917EEFD1F7D821C004D4BFC /* FBSDKLoginKit.framework */,
				6765A99124100B60E1985E7F /* Pods_collectively.framework */,
				BA6F02C0BB501ABD5C5B4422 /* Pods_collectivelyTests.framework */,
				75FB3AC42D4889E78BA331A0 /* Pods_collectivelyUITests.framework */,
			);
			name = Frameworks;
			sourceTree = "<group>";
		};
		89237C4A1F8419E20087F922 /* Models */ = {
			isa = PBXGroup;
			children = (
				89237C4B1F841A010087F922 /* MapModel.swift */,
				89237C4D1F841AA00087F922 /* ApiError.swift */,
				89AF4AC91F8426A500C9580A /* LocationModel.swift */,
				8940D6401F8433F20037BD23 /* RemarkGroup.swift */,
			);
			path = Models;
			sourceTree = "<group>";
		};
		8937874B1FCA03820044A704 /* problem controller */ = {
			isa = PBXGroup;
			children = (
				893787501FCA047F0044A704 /* cells */,
				8937874C1FCA03940044A704 /* Problem.storyboard */,
				8937874E1FCA03AE0044A704 /* ProblemViewController.swift */,
			);
			path = "problem controller";
			sourceTree = "<group>";
		};
		893787501FCA047F0044A704 /* cells */ = {
			isa = PBXGroup;
			children = (
				893787511FCA049C0044A704 /* GroupCell.xib */,
				893787531FCA04A90044A704 /* GroupCell.swift */,
				893787571FCA09E10044A704 /* LocationCell.xib */,
				893787591FCA09ED0044A704 /* LocationCell.swift */,
				8937875B1FCA0ABB0044A704 /* DescriptionCell.xib */,
				8937875D1FCA0B1C0044A704 /* DescriptionCell.swift */,
				893787611FCA12930044A704 /* VoteCell.xib */,
				8937875F1FCA127D0044A704 /* VoteCell.swift */,
				893787631FCA13C90044A704 /* HistoryAndCommentsCell.xib */,
				893787651FCA15800044A704 /* HistoryAndComments.swift */,
			);
			path = cells;
			sourceTree = "<group>";
		};
		894109C41F829E3900D25D81 /* utils */ = {
			isa = PBXGroup;
			children = (
				894109C51F829E4A00D25D81 /* RoundedButton.swift */,
				894109C71F82A0AA00D25D81 /* Msg.swift */,
				89AF4AC71F841DAD00C9580A /* Extensions.swift */,
				8986EEB71F8570210015B534 /* ColorExtensions.swift */,
				893787551FCA07EF0044A704 /* TableViewExtension.swift */,
			);
			path = utils;
			sourceTree = "<group>";
		};
		8986EEB41F856EAC0015B534 /* main */ = {
			isa = PBXGroup;
			children = (
				89150FEF1F7D7AD400252319 /* Main.storyboard */,
				8986EEB51F856EC10015B534 /* MainTabBarController.swift */,
			);
			path = main;
			sourceTree = "<group>";
		};
		89D064301F829044007FF348 /* controllers */ = {
			isa = PBXGroup;
			children = (
				8937874B1FCA03820044A704 /* problem controller */,
				8986EEB41F856EAC0015B534 /* main */,
				891510191F7D7AF300252319 /* login */,
				891510241F7D7E0300252319 /* statistics */,
				8915101E1F7D7B1700252319 /* map */,
				891510251F7D7E0D00252319 /* profile */,
				891510261F7D7E1900252319 /* users */,
			);
			path = controllers;
			sourceTree = "<group>";
		};
		89D064311F829059007FF348 /* API */ = {
			isa = PBXGroup;
			children = (
				89D064321F82906B007FF348 /* APIManager.swift */,
				89D064341F8291AC007FF348 /* Sockets.swift */,
				89D064361F8293A6007FF348 /* Authentication.swift */,
				89237C481F8418470087F922 /* MapElements.swift */,
			);
			path = API;
			sourceTree = "<group>";
		};
		D55B6BE2F9D9DFF6D217B160 /* Pods */ = {
			isa = PBXGroup;
			children = (
				8F796AB714B6562DB8A02B46 /* Pods-collectively.debug.xcconfig */,
				6D171856B922ED0171ADE180 /* Pods-collectively.release.xcconfig */,
				EE9A2C32D4ED7B18A404C19D /* Pods-collectivelyTests.debug.xcconfig */,
				B3A6ECCEAAF87E75A682313B /* Pods-collectivelyTests.release.xcconfig */,
				D25D9ECEDD6A93CCB81CF52C /* Pods-collectivelyUITests.debug.xcconfig */,
				2F4C469BE78C382713326AC8 /* Pods-collectivelyUITests.release.xcconfig */,
			);
			name = Pods;
			sourceTree = "<group>";
		};
/* End PBXGroup section */

/* Begin PBXNativeTarget section */
		89150FE71F7D7AD400252319 /* collectively */ = {
			isa = PBXNativeTarget;
			buildConfigurationList = 891510101F7D7AD500252319 /* Build configuration list for PBXNativeTarget "collectively" */;
			buildPhases = (
				F1F4C8DE927CD9BE147BA531 /* [CP] Check Pods Manifest.lock */,
				89150FE41F7D7AD400252319 /* Sources */,
				89150FE51F7D7AD400252319 /* Frameworks */,
				89150FE61F7D7AD400252319 /* Resources */,
				37FDE2028D732E18B49DFB38 /* [CP] Embed Pods Frameworks */,
				7BAEA3AE2F25B78935B3BBEF /* [CP] Copy Pods Resources */,
			);
			buildRules = (
			);
			dependencies = (
			);
			name = collectively;
			productName = collectively;
			productReference = 89150FE81F7D7AD400252319 /* collectively.app */;
			productType = "com.apple.product-type.application";
		};
		89150FFB1F7D7AD500252319 /* collectivelyTests */ = {
			isa = PBXNativeTarget;
			buildConfigurationList = 891510131F7D7AD500252319 /* Build configuration list for PBXNativeTarget "collectivelyTests" */;
			buildPhases = (
				3D25C8A751498D35B64B74FB /* [CP] Check Pods Manifest.lock */,
				89150FF81F7D7AD500252319 /* Sources */,
				89150FF91F7D7AD500252319 /* Frameworks */,
				89150FFA1F7D7AD500252319 /* Resources */,
				C1F273E0EE9980E21181BBDE /* [CP] Embed Pods Frameworks */,
				1AD6063CB56B25D612ECB553 /* [CP] Copy Pods Resources */,
			);
			buildRules = (
			);
			dependencies = (
				89150FFE1F7D7AD500252319 /* PBXTargetDependency */,
			);
			name = collectivelyTests;
			productName = collectivelyTests;
			productReference = 89150FFC1F7D7AD500252319 /* collectivelyTests.xctest */;
			productType = "com.apple.product-type.bundle.unit-test";
		};
		891510061F7D7AD500252319 /* collectivelyUITests */ = {
			isa = PBXNativeTarget;
			buildConfigurationList = 891510161F7D7AD500252319 /* Build configuration list for PBXNativeTarget "collectivelyUITests" */;
			buildPhases = (
				24EE6DE0AE54E5414C4BFD11 /* [CP] Check Pods Manifest.lock */,
				891510031F7D7AD500252319 /* Sources */,
				891510041F7D7AD500252319 /* Frameworks */,
				891510051F7D7AD500252319 /* Resources */,
				A0CA74416CD7F497AA4BCB05 /* [CP] Embed Pods Frameworks */,
				14E8D11AB9CCC2905143EB29 /* [CP] Copy Pods Resources */,
			);
			buildRules = (
			);
			dependencies = (
				891510091F7D7AD500252319 /* PBXTargetDependency */,
			);
			name = collectivelyUITests;
			productName = collectivelyUITests;
			productReference = 891510071F7D7AD500252319 /* collectivelyUITests.xctest */;
			productType = "com.apple.product-type.bundle.ui-testing";
		};
/* End PBXNativeTarget section */

/* Begin PBXProject section */
		89150FE01F7D7AD400252319 /* Project object */ = {
			isa = PBXProject;
			attributes = {
				LastSwiftUpdateCheck = 0900;
				LastUpgradeCheck = 0900;
				ORGANIZATIONNAME = collectively;
				TargetAttributes = {
					89150FE71F7D7AD400252319 = {
						CreatedOnToolsVersion = 9.0;
						ProvisioningStyle = Automatic;
					};
					89150FFB1F7D7AD500252319 = {
						CreatedOnToolsVersion = 9.0;
						ProvisioningStyle = Automatic;
						TestTargetID = 89150FE71F7D7AD400252319;
					};
					891510061F7D7AD500252319 = {
						CreatedOnToolsVersion = 9.0;
						ProvisioningStyle = Automatic;
						TestTargetID = 89150FE71F7D7AD400252319;
					};
				};
			};
			buildConfigurationList = 89150FE31F7D7AD400252319 /* Build configuration list for PBXProject "collectively" */;
			compatibilityVersion = "Xcode 8.0";
			developmentRegion = en;
			hasScannedForEncodings = 0;
			knownRegions = (
				en,
				Base,
				pl,
			);
			mainGroup = 89150FDF1F7D7AD400252319;
			productRefGroup = 89150FE91F7D7AD400252319 /* Products */;
			projectDirPath = "";
			projectRoot = "";
			targets = (
				89150FE71F7D7AD400252319 /* collectively */,
				89150FFB1F7D7AD500252319 /* collectivelyTests */,
				891510061F7D7AD500252319 /* collectivelyUITests */,
			);
		};
/* End PBXProject section */

/* Begin PBXResourcesBuildPhase section */
		89150FE61F7D7AD400252319 /* Resources */ = {
			isa = PBXResourcesBuildPhase;
			buildActionMask = 2147483647;
			files = (
				8915101B1F7D7AFF00252319 /* Login.storyboard in Resources */,
				89150FF61F7D7AD400252319 /* LaunchScreen.storyboard in Resources */,
				893787641FCA13C90044A704 /* HistoryAndCommentsCell.xib in Resources */,
				891510201F7D7B2100252319 /* Map.storyboard in Resources */,
				893787581FCA09E10044A704 /* LocationCell.xib in Resources */,
				8937874D1FCA03940044A704 /* Problem.storyboard in Resources */,
				89150FF31F7D7AD400252319 /* Assets.xcassets in Resources */,
				891510281F7D7E2800252319 /* Users.storyboard in Resources */,
				894109CE1F82A1EC00D25D81 /* Localizable.strings in Resources */,
				893787521FCA049C0044A704 /* GroupCell.xib in Resources */,
				893787621FCA12930044A704 /* VoteCell.xib in Resources */,
				8915102C1F7D7E3B00252319 /* Profile.storyboard in Resources */,
				89D064391F8295D0007FF348 /* Keys.plist in Resources */,
				89150FF11F7D7AD400252319 /* Main.storyboard in Resources */,
				8937875C1FCA0ABB0044A704 /* DescriptionCell.xib in Resources */,
				891510321F7D7E5E00252319 /* Statistics.storyboard in Resources */,
			);
			runOnlyForDeploymentPostprocessing = 0;
		};
		89150FFA1F7D7AD500252319 /* Resources */ = {
			isa = PBXResourcesBuildPhase;
			buildActionMask = 2147483647;
			files = (
			);
			runOnlyForDeploymentPostprocessing = 0;
		};
		891510051F7D7AD500252319 /* Resources */ = {
			isa = PBXResourcesBuildPhase;
			buildActionMask = 2147483647;
			files = (
			);
			runOnlyForDeploymentPostprocessing = 0;
		};
/* End PBXResourcesBuildPhase section */

/* Begin PBXShellScriptBuildPhase section */
		14E8D11AB9CCC2905143EB29 /* [CP] Copy Pods Resources */ = {
			isa = PBXShellScriptBuildPhase;
			buildActionMask = 2147483647;
			files = (
			);
			inputPaths = (
			);
			name = "[CP] Copy Pods Resources";
			outputPaths = (
			);
			runOnlyForDeploymentPostprocessing = 0;
			shellPath = /bin/sh;
			shellScript = "\"${SRCROOT}/Pods/Target Support Files/Pods-collectivelyUITests/Pods-collectivelyUITests-resources.sh\"\n";
			showEnvVarsInLog = 0;
		};
		1AD6063CB56B25D612ECB553 /* [CP] Copy Pods Resources */ = {
			isa = PBXShellScriptBuildPhase;
			buildActionMask = 2147483647;
			files = (
			);
			inputPaths = (
			);
			name = "[CP] Copy Pods Resources";
			outputPaths = (
			);
			runOnlyForDeploymentPostprocessing = 0;
			shellPath = /bin/sh;
			shellScript = "\"${SRCROOT}/Pods/Target Support Files/Pods-collectivelyTests/Pods-collectivelyTests-resources.sh\"\n";
			showEnvVarsInLog = 0;
		};
		24EE6DE0AE54E5414C4BFD11 /* [CP] Check Pods Manifest.lock */ = {
			isa = PBXShellScriptBuildPhase;
			buildActionMask = 2147483647;
			files = (
			);
			inputPaths = (
				"${PODS_PODFILE_DIR_PATH}/Podfile.lock",
				"${PODS_ROOT}/Manifest.lock",
			);
			name = "[CP] Check Pods Manifest.lock";
			outputPaths = (
				"$(DERIVED_FILE_DIR)/Pods-collectivelyUITests-checkManifestLockResult.txt",
			);
			runOnlyForDeploymentPostprocessing = 0;
			shellPath = /bin/sh;
			shellScript = "diff \"${PODS_PODFILE_DIR_PATH}/Podfile.lock\" \"${PODS_ROOT}/Manifest.lock\" > /dev/null\nif [ $? != 0 ] ; then\n    # print error to STDERR\n    echo \"error: The sandbox is not in sync with the Podfile.lock. Run 'pod install' or update your CocoaPods installation.\" >&2\n    exit 1\nfi\n# This output is used by Xcode 'outputs' to avoid re-running this script phase.\necho \"SUCCESS\" > \"${SCRIPT_OUTPUT_FILE_0}\"\n";
			showEnvVarsInLog = 0;
		};
		37FDE2028D732E18B49DFB38 /* [CP] Embed Pods Frameworks */ = {
			isa = PBXShellScriptBuildPhase;
			buildActionMask = 2147483647;
			files = (
			);
			inputPaths = (
				"${SRCROOT}/Pods/Target Support Files/Pods-collectively/Pods-collectively-frameworks.sh",
				"${BUILT_PRODUCTS_DIR}/Alamofire/Alamofire.framework",
				"${BUILT_PRODUCTS_DIR}/AlamofireObjectMapper/AlamofireObjectMapper.framework",
				"${BUILT_PRODUCTS_DIR}/Bolts/Bolts.framework",
				"${BUILT_PRODUCTS_DIR}/FBSDKCoreKit/FBSDKCoreKit.framework",
				"${BUILT_PRODUCTS_DIR}/FBSDKLoginKit/FBSDKLoginKit.framework",
				"${BUILT_PRODUCTS_DIR}/Kingfisher/Kingfisher.framework",
				"${BUILT_PRODUCTS_DIR}/Localize-Swift/Localize_Swift.framework",
				"${BUILT_PRODUCTS_DIR}/ObjectMapper/ObjectMapper.framework",
				"${BUILT_PRODUCTS_DIR}/PKHUD/PKHUD.framework",
			);
			name = "[CP] Embed Pods Frameworks";
			outputPaths = (
				"${TARGET_BUILD_DIR}/${FRAMEWORKS_FOLDER_PATH}/Alamofire.framework",
				"${TARGET_BUILD_DIR}/${FRAMEWORKS_FOLDER_PATH}/AlamofireObjectMapper.framework",
				"${TARGET_BUILD_DIR}/${FRAMEWORKS_FOLDER_PATH}/Bolts.framework",
				"${TARGET_BUILD_DIR}/${FRAMEWORKS_FOLDER_PATH}/FBSDKCoreKit.framework",
				"${TARGET_BUILD_DIR}/${FRAMEWORKS_FOLDER_PATH}/FBSDKLoginKit.framework",
				"${TARGET_BUILD_DIR}/${FRAMEWORKS_FOLDER_PATH}/Kingfisher.framework",
				"${TARGET_BUILD_DIR}/${FRAMEWORKS_FOLDER_PATH}/Localize_Swift.framework",
				"${TARGET_BUILD_DIR}/${FRAMEWORKS_FOLDER_PATH}/ObjectMapper.framework",
				"${TARGET_BUILD_DIR}/${FRAMEWORKS_FOLDER_PATH}/PKHUD.framework",
			);
			runOnlyForDeploymentPostprocessing = 0;
			shellPath = /bin/sh;
			shellScript = "\"${SRCROOT}/Pods/Target Support Files/Pods-collectively/Pods-collectively-frameworks.sh\"\n";
			showEnvVarsInLog = 0;
		};
		3D25C8A751498D35B64B74FB /* [CP] Check Pods Manifest.lock */ = {
			isa = PBXShellScriptBuildPhase;
			buildActionMask = 2147483647;
			files = (
			);
			inputPaths = (
				"${PODS_PODFILE_DIR_PATH}/Podfile.lock",
				"${PODS_ROOT}/Manifest.lock",
			);
			name = "[CP] Check Pods Manifest.lock";
			outputPaths = (
				"$(DERIVED_FILE_DIR)/Pods-collectivelyTests-checkManifestLockResult.txt",
			);
			runOnlyForDeploymentPostprocessing = 0;
			shellPath = /bin/sh;
			shellScript = "diff \"${PODS_PODFILE_DIR_PATH}/Podfile.lock\" \"${PODS_ROOT}/Manifest.lock\" > /dev/null\nif [ $? != 0 ] ; then\n    # print error to STDERR\n    echo \"error: The sandbox is not in sync with the Podfile.lock. Run 'pod install' or update your CocoaPods installation.\" >&2\n    exit 1\nfi\n# This output is used by Xcode 'outputs' to avoid re-running this script phase.\necho \"SUCCESS\" > \"${SCRIPT_OUTPUT_FILE_0}\"\n";
			showEnvVarsInLog = 0;
		};
		7BAEA3AE2F25B78935B3BBEF /* [CP] Copy Pods Resources */ = {
			isa = PBXShellScriptBuildPhase;
			buildActionMask = 2147483647;
			files = (
			);
			inputPaths = (
			);
			name = "[CP] Copy Pods Resources";
			outputPaths = (
			);
			runOnlyForDeploymentPostprocessing = 0;
			shellPath = /bin/sh;
			shellScript = "\"${SRCROOT}/Pods/Target Support Files/Pods-collectively/Pods-collectively-resources.sh\"\n";
			showEnvVarsInLog = 0;
		};
		A0CA74416CD7F497AA4BCB05 /* [CP] Embed Pods Frameworks */ = {
			isa = PBXShellScriptBuildPhase;
			buildActionMask = 2147483647;
			files = (
			);
			inputPaths = (
			);
			name = "[CP] Embed Pods Frameworks";
			outputPaths = (
			);
			runOnlyForDeploymentPostprocessing = 0;
			shellPath = /bin/sh;
			shellScript = "\"${SRCROOT}/Pods/Target Support Files/Pods-collectivelyUITests/Pods-collectivelyUITests-frameworks.sh\"\n";
			showEnvVarsInLog = 0;
		};
		C1F273E0EE9980E21181BBDE /* [CP] Embed Pods Frameworks */ = {
			isa = PBXShellScriptBuildPhase;
			buildActionMask = 2147483647;
			files = (
			);
			inputPaths = (
			);
			name = "[CP] Embed Pods Frameworks";
			outputPaths = (
			);
			runOnlyForDeploymentPostprocessing = 0;
			shellPath = /bin/sh;
			shellScript = "\"${SRCROOT}/Pods/Target Support Files/Pods-collectivelyTests/Pods-collectivelyTests-frameworks.sh\"\n";
			showEnvVarsInLog = 0;
		};
		F1F4C8DE927CD9BE147BA531 /* [CP] Check Pods Manifest.lock */ = {
			isa = PBXShellScriptBuildPhase;
			buildActionMask = 2147483647;
			files = (
			);
			inputPaths = (
				"${PODS_PODFILE_DIR_PATH}/Podfile.lock",
				"${PODS_ROOT}/Manifest.lock",
			);
			name = "[CP] Check Pods Manifest.lock";
			outputPaths = (
				"$(DERIVED_FILE_DIR)/Pods-collectively-checkManifestLockResult.txt",
			);
			runOnlyForDeploymentPostprocessing = 0;
			shellPath = /bin/sh;
			shellScript = "diff \"${PODS_PODFILE_DIR_PATH}/Podfile.lock\" \"${PODS_ROOT}/Manifest.lock\" > /dev/null\nif [ $? != 0 ] ; then\n    # print error to STDERR\n    echo \"error: The sandbox is not in sync with the Podfile.lock. Run 'pod install' or update your CocoaPods installation.\" >&2\n    exit 1\nfi\n# This output is used by Xcode 'outputs' to avoid re-running this script phase.\necho \"SUCCESS\" > \"${SCRIPT_OUTPUT_FILE_0}\"\n";
			showEnvVarsInLog = 0;
		};
/* End PBXShellScriptBuildPhase section */

/* Begin PBXSourcesBuildPhase section */
		89150FE41F7D7AD400252319 /* Sources */ = {
			isa = PBXSourcesBuildPhase;
			buildActionMask = 2147483647;
			files = (
				891510301F7D7E5500252319 /* Statistics.swift in Sources */,
				89237C4C1F841A010087F922 /* MapModel.swift in Sources */,
				894109C61F829E4A00D25D81 /* RoundedButton.swift in Sources */,
				893787601FCA127D0044A704 /* VoteCell.swift in Sources */,
				891510221F7D7B3200252319 /* MapController.swift in Sources */,
				8915102E1F7D7E4500252319 /* Profile.swift in Sources */,
				8940D6411F8433F20037BD23 /* RemarkGroup.swift in Sources */,
				8937875A1FCA09ED0044A704 /* LocationCell.swift in Sources */,
				8915101D1F7D7B0A00252319 /* Login.swift in Sources */,
				8937874F1FCA03AE0044A704 /* ProblemViewController.swift in Sources */,
				89D064351F8291AC007FF348 /* Sockets.swift in Sources */,
				893787561FCA07EF0044A704 /* TableViewExtension.swift in Sources */,
				89237C4E1F841AA00087F922 /* ApiError.swift in Sources */,
				89AF4ACA1F8426A500C9580A /* LocationModel.swift in Sources */,
				8915102A1F7D7E3200252319 /* Users.swift in Sources */,
				8986EEB81F8570210015B534 /* ColorExtensions.swift in Sources */,
				893787541FCA04A90044A704 /* GroupCell.swift in Sources */,
				89AF4ACC1F84290C00C9580A /* CLAnnotation.swift in Sources */,
				89150FEC1F7D7AD400252319 /* AppDelegate.swift in Sources */,
				8986EEB61F856EC10015B534 /* MainTabBarController.swift in Sources */,
				89AF4AC81F841DAD00C9580A /* Extensions.swift in Sources */,
				894109C81F82A0AA00D25D81 /* Msg.swift in Sources */,
				89D064331F82906B007FF348 /* APIManager.swift in Sources */,
				89D064371F8293A6007FF348 /* Authentication.swift in Sources */,
				89237C491F8418470087F922 /* MapElements.swift in Sources */,
				893787661FCA15800044A704 /* HistoryAndComments.swift in Sources */,
				8937875E1FCA0B1C0044A704 /* DescriptionCell.swift in Sources */,
			);
			runOnlyForDeploymentPostprocessing = 0;
		};
		89150FF81F7D7AD500252319 /* Sources */ = {
			isa = PBXSourcesBuildPhase;
			buildActionMask = 2147483647;
			files = (
				891510011F7D7AD500252319 /* collectivelyTests.swift in Sources */,
			);
			runOnlyForDeploymentPostprocessing = 0;
		};
		891510031F7D7AD500252319 /* Sources */ = {
			isa = PBXSourcesBuildPhase;
			buildActionMask = 2147483647;
			files = (
				8915100C1F7D7AD500252319 /* collectivelyUITests.swift in Sources */,
			);
			runOnlyForDeploymentPostprocessing = 0;
		};
/* End PBXSourcesBuildPhase section */

/* Begin PBXTargetDependency section */
		89150FFE1F7D7AD500252319 /* PBXTargetDependency */ = {
			isa = PBXTargetDependency;
			target = 89150FE71F7D7AD400252319 /* collectively */;
			targetProxy = 89150FFD1F7D7AD500252319 /* PBXContainerItemProxy */;
		};
		891510091F7D7AD500252319 /* PBXTargetDependency */ = {
			isa = PBXTargetDependency;
			target = 89150FE71F7D7AD400252319 /* collectively */;
			targetProxy = 891510081F7D7AD500252319 /* PBXContainerItemProxy */;
		};
/* End PBXTargetDependency section */

/* Begin PBXVariantGroup section */
		89150FEF1F7D7AD400252319 /* Main.storyboard */ = {
			isa = PBXVariantGroup;
			children = (
				89150FF01F7D7AD400252319 /* Base */,
			);
			name = Main.storyboard;
			sourceTree = "<group>";
		};
		89150FF41F7D7AD400252319 /* LaunchScreen.storyboard */ = {
			isa = PBXVariantGroup;
			children = (
				89150FF51F7D7AD400252319 /* Base */,
			);
			name = LaunchScreen.storyboard;
			sourceTree = "<group>";
		};
		894109D01F82A1EC00D25D81 /* Localizable.strings */ = {
			isa = PBXVariantGroup;
			children = (
				894109CF1F82A1EC00D25D81 /* en */,
				894109D11F82A1FC00D25D81 /* pl */,
			);
			name = Localizable.strings;
			sourceTree = "<group>";
		};
/* End PBXVariantGroup section */

/* Begin XCBuildConfiguration section */
		8915100E1F7D7AD500252319 /* Debug */ = {
			isa = XCBuildConfiguration;
			buildSettings = {
				ALWAYS_SEARCH_USER_PATHS = NO;
				CLANG_ANALYZER_LOCALIZABILITY_NONLOCALIZED = YES;
				CLANG_ANALYZER_NONNULL = YES;
				CLANG_ANALYZER_NUMBER_OBJECT_CONVERSION = YES_AGGRESSIVE;
				CLANG_CXX_LANGUAGE_STANDARD = "gnu++14";
				CLANG_CXX_LIBRARY = "libc++";
				CLANG_ENABLE_MODULES = YES;
				CLANG_ENABLE_OBJC_ARC = YES;
				CLANG_WARN_BLOCK_CAPTURE_AUTORELEASING = YES;
				CLANG_WARN_BOOL_CONVERSION = YES;
				CLANG_WARN_COMMA = YES;
				CLANG_WARN_CONSTANT_CONVERSION = YES;
				CLANG_WARN_DIRECT_OBJC_ISA_USAGE = YES_ERROR;
				CLANG_WARN_DOCUMENTATION_COMMENTS = YES;
				CLANG_WARN_EMPTY_BODY = YES;
				CLANG_WARN_ENUM_CONVERSION = YES;
				CLANG_WARN_INFINITE_RECURSION = YES;
				CLANG_WARN_INT_CONVERSION = YES;
				CLANG_WARN_NON_LITERAL_NULL_CONVERSION = YES;
				CLANG_WARN_OBJC_LITERAL_CONVERSION = YES;
				CLANG_WARN_OBJC_ROOT_CLASS = YES_ERROR;
				CLANG_WARN_RANGE_LOOP_ANALYSIS = YES;
				CLANG_WARN_STRICT_PROTOTYPES = YES;
				CLANG_WARN_SUSPICIOUS_MOVE = YES;
				CLANG_WARN_UNGUARDED_AVAILABILITY = YES_AGGRESSIVE;
				CLANG_WARN_UNREACHABLE_CODE = YES;
				CLANG_WARN__DUPLICATE_METHOD_MATCH = YES;
				CODE_SIGN_IDENTITY = "iPhone Developer";
				COPY_PHASE_STRIP = NO;
				DEBUG_INFORMATION_FORMAT = dwarf;
				ENABLE_STRICT_OBJC_MSGSEND = YES;
				ENABLE_TESTABILITY = YES;
				GCC_C_LANGUAGE_STANDARD = gnu11;
				GCC_DYNAMIC_NO_PIC = NO;
				GCC_NO_COMMON_BLOCKS = YES;
				GCC_OPTIMIZATION_LEVEL = 0;
				GCC_PREPROCESSOR_DEFINITIONS = (
					"DEBUG=1",
					"$(inherited)",
				);
				GCC_WARN_64_TO_32_BIT_CONVERSION = YES;
				GCC_WARN_ABOUT_RETURN_TYPE = YES_ERROR;
				GCC_WARN_UNDECLARED_SELECTOR = YES;
				GCC_WARN_UNINITIALIZED_AUTOS = YES_AGGRESSIVE;
				GCC_WARN_UNUSED_FUNCTION = YES;
				GCC_WARN_UNUSED_VARIABLE = YES;
				IPHONEOS_DEPLOYMENT_TARGET = 11.0;
				MTL_ENABLE_DEBUG_INFO = YES;
				ONLY_ACTIVE_ARCH = YES;
				SDKROOT = iphoneos;
				SWIFT_ACTIVE_COMPILATION_CONDITIONS = DEBUG;
				SWIFT_OPTIMIZATION_LEVEL = "-Onone";
			};
			name = Debug;
		};
		8915100F1F7D7AD500252319 /* Release */ = {
			isa = XCBuildConfiguration;
			buildSettings = {
				ALWAYS_SEARCH_USER_PATHS = NO;
				CLANG_ANALYZER_LOCALIZABILITY_NONLOCALIZED = YES;
				CLANG_ANALYZER_NONNULL = YES;
				CLANG_ANALYZER_NUMBER_OBJECT_CONVERSION = YES_AGGRESSIVE;
				CLANG_CXX_LANGUAGE_STANDARD = "gnu++14";
				CLANG_CXX_LIBRARY = "libc++";
				CLANG_ENABLE_MODULES = YES;
				CLANG_ENABLE_OBJC_ARC = YES;
				CLANG_WARN_BLOCK_CAPTURE_AUTORELEASING = YES;
				CLANG_WARN_BOOL_CONVERSION = YES;
				CLANG_WARN_COMMA = YES;
				CLANG_WARN_CONSTANT_CONVERSION = YES;
				CLANG_WARN_DIRECT_OBJC_ISA_USAGE = YES_ERROR;
				CLANG_WARN_DOCUMENTATION_COMMENTS = YES;
				CLANG_WARN_EMPTY_BODY = YES;
				CLANG_WARN_ENUM_CONVERSION = YES;
				CLANG_WARN_INFINITE_RECURSION = YES;
				CLANG_WARN_INT_CONVERSION = YES;
				CLANG_WARN_NON_LITERAL_NULL_CONVERSION = YES;
				CLANG_WARN_OBJC_LITERAL_CONVERSION = YES;
				CLANG_WARN_OBJC_ROOT_CLASS = YES_ERROR;
				CLANG_WARN_RANGE_LOOP_ANALYSIS = YES;
				CLANG_WARN_STRICT_PROTOTYPES = YES;
				CLANG_WARN_SUSPICIOUS_MOVE = YES;
				CLANG_WARN_UNGUARDED_AVAILABILITY = YES_AGGRESSIVE;
				CLANG_WARN_UNREACHABLE_CODE = YES;
				CLANG_WARN__DUPLICATE_METHOD_MATCH = YES;
				CODE_SIGN_IDENTITY = "iPhone Developer";
				COPY_PHASE_STRIP = NO;
				DEBUG_INFORMATION_FORMAT = "dwarf-with-dsym";
				ENABLE_NS_ASSERTIONS = NO;
				ENABLE_STRICT_OBJC_MSGSEND = YES;
				GCC_C_LANGUAGE_STANDARD = gnu11;
				GCC_NO_COMMON_BLOCKS = YES;
				GCC_WARN_64_TO_32_BIT_CONVERSION = YES;
				GCC_WARN_ABOUT_RETURN_TYPE = YES_ERROR;
				GCC_WARN_UNDECLARED_SELECTOR = YES;
				GCC_WARN_UNINITIALIZED_AUTOS = YES_AGGRESSIVE;
				GCC_WARN_UNUSED_FUNCTION = YES;
				GCC_WARN_UNUSED_VARIABLE = YES;
				IPHONEOS_DEPLOYMENT_TARGET = 11.0;
				MTL_ENABLE_DEBUG_INFO = NO;
				SDKROOT = iphoneos;
				SWIFT_OPTIMIZATION_LEVEL = "-Owholemodule";
				VALIDATE_PRODUCT = YES;
			};
			name = Release;
		};
		891510111F7D7AD500252319 /* Debug */ = {
			isa = XCBuildConfiguration;
			baseConfigurationReference = 8F796AB714B6562DB8A02B46 /* Pods-collectively.debug.xcconfig */;
			buildSettings = {
				ASSETCATALOG_COMPILER_APPICON_NAME = AppIcon;
				CODE_SIGN_STYLE = Automatic;
				DEVELOPMENT_TEAM = X9M92XL2Y8;
				INFOPLIST_FILE = "$(SRCROOT)/Supporting Files/Info.plist";
				LD_RUNPATH_SEARCH_PATHS = "$(inherited) @executable_path/Frameworks";
				PRODUCT_BUNDLE_IDENTIFIER = com.dev.collectively;
				PRODUCT_NAME = "$(TARGET_NAME)";
				SWIFT_VERSION = 4.0;
				TARGETED_DEVICE_FAMILY = "1,2";
			};
			name = Debug;
		};
		891510121F7D7AD500252319 /* Release */ = {
			isa = XCBuildConfiguration;
			baseConfigurationReference = 6D171856B922ED0171ADE180 /* Pods-collectively.release.xcconfig */;
			buildSettings = {
				ASSETCATALOG_COMPILER_APPICON_NAME = AppIcon;
				CODE_SIGN_STYLE = Automatic;
				DEVELOPMENT_TEAM = X9M92XL2Y8;
				INFOPLIST_FILE = "$(SRCROOT)/Supporting Files/Info.plist";
				LD_RUNPATH_SEARCH_PATHS = "$(inherited) @executable_path/Frameworks";
				PRODUCT_BUNDLE_IDENTIFIER = com.dev.collectively;
				PRODUCT_NAME = "$(TARGET_NAME)";
				SWIFT_VERSION = 4.0;
				TARGETED_DEVICE_FAMILY = "1,2";
			};
			name = Release;
		};
		891510141F7D7AD500252319 /* Debug */ = {
			isa = XCBuildConfiguration;
			baseConfigurationReference = EE9A2C32D4ED7B18A404C19D /* Pods-collectivelyTests.debug.xcconfig */;
			buildSettings = {
				ALWAYS_EMBED_SWIFT_STANDARD_LIBRARIES = YES;
				BUNDLE_LOADER = "$(TEST_HOST)";
				CODE_SIGN_STYLE = Automatic;
				DEVELOPMENT_TEAM = X9M92XL2Y8;
				INFOPLIST_FILE = collectivelyTests/Info.plist;
				LD_RUNPATH_SEARCH_PATHS = "$(inherited) @executable_path/Frameworks @loader_path/Frameworks";
				PRODUCT_BUNDLE_IDENTIFIER = com.collectivelyTests;
				PRODUCT_NAME = "$(TARGET_NAME)";
				SWIFT_VERSION = 4.0;
				TARGETED_DEVICE_FAMILY = "1,2";
				TEST_HOST = "$(BUILT_PRODUCTS_DIR)/collectively.app/collectively";
			};
			name = Debug;
		};
		891510151F7D7AD500252319 /* Release */ = {
			isa = XCBuildConfiguration;
			baseConfigurationReference = B3A6ECCEAAF87E75A682313B /* Pods-collectivelyTests.release.xcconfig */;
			buildSettings = {
				ALWAYS_EMBED_SWIFT_STANDARD_LIBRARIES = YES;
				BUNDLE_LOADER = "$(TEST_HOST)";
				CODE_SIGN_STYLE = Automatic;
				DEVELOPMENT_TEAM = X9M92XL2Y8;
				INFOPLIST_FILE = collectivelyTests/Info.plist;
				LD_RUNPATH_SEARCH_PATHS = "$(inherited) @executable_path/Frameworks @loader_path/Frameworks";
				PRODUCT_BUNDLE_IDENTIFIER = com.collectivelyTests;
				PRODUCT_NAME = "$(TARGET_NAME)";
				SWIFT_VERSION = 4.0;
				TARGETED_DEVICE_FAMILY = "1,2";
				TEST_HOST = "$(BUILT_PRODUCTS_DIR)/collectively.app/collectively";
			};
			name = Release;
		};
		891510171F7D7AD500252319 /* Debug */ = {
			isa = XCBuildConfiguration;
			baseConfigurationReference = D25D9ECEDD6A93CCB81CF52C /* Pods-collectivelyUITests.debug.xcconfig */;
			buildSettings = {
				ALWAYS_EMBED_SWIFT_STANDARD_LIBRARIES = YES;
				CODE_SIGN_STYLE = Automatic;
				DEVELOPMENT_TEAM = X9M92XL2Y8;
				INFOPLIST_FILE = collectivelyUITests/Info.plist;
				LD_RUNPATH_SEARCH_PATHS = "$(inherited) @executable_path/Frameworks @loader_path/Frameworks";
				PRODUCT_BUNDLE_IDENTIFIER = com.collectivelyUITests;
				PRODUCT_NAME = "$(TARGET_NAME)";
				SWIFT_VERSION = 4.0;
				TARGETED_DEVICE_FAMILY = "1,2";
				TEST_TARGET_NAME = collectively;
			};
			name = Debug;
		};
		891510181F7D7AD500252319 /* Release */ = {
			isa = XCBuildConfiguration;
			baseConfigurationReference = 2F4C469BE78C382713326AC8 /* Pods-collectivelyUITests.release.xcconfig */;
			buildSettings = {
				ALWAYS_EMBED_SWIFT_STANDARD_LIBRARIES = YES;
				CODE_SIGN_STYLE = Automatic;
				DEVELOPMENT_TEAM = X9M92XL2Y8;
				INFOPLIST_FILE = collectivelyUITests/Info.plist;
				LD_RUNPATH_SEARCH_PATHS = "$(inherited) @executable_path/Frameworks @loader_path/Frameworks";
				PRODUCT_BUNDLE_IDENTIFIER = com.collectivelyUITests;
				PRODUCT_NAME = "$(TARGET_NAME)";
				SWIFT_VERSION = 4.0;
				TARGETED_DEVICE_FAMILY = "1,2";
				TEST_TARGET_NAME = collectively;
			};
			name = Release;
		};
/* End XCBuildConfiguration section */

/* Begin XCConfigurationList section */
		89150FE31F7D7AD400252319 /* Build configuration list for PBXProject "collectively" */ = {
			isa = XCConfigurationList;
			buildConfigurations = (
				8915100E1F7D7AD500252319 /* Debug */,
				8915100F1F7D7AD500252319 /* Release */,
			);
			defaultConfigurationIsVisible = 0;
			defaultConfigurationName = Release;
		};
		891510101F7D7AD500252319 /* Build configuration list for PBXNativeTarget "collectively" */ = {
			isa = XCConfigurationList;
			buildConfigurations = (
				891510111F7D7AD500252319 /* Debug */,
				891510121F7D7AD500252319 /* Release */,
			);
			defaultConfigurationIsVisible = 0;
			defaultConfigurationName = Release;
		};
		891510131F7D7AD500252319 /* Build configuration list for PBXNativeTarget "collectivelyTests" */ = {
			isa = XCConfigurationList;
			buildConfigurations = (
				891510141F7D7AD500252319 /* Debug */,
				891510151F7D7AD500252319 /* Release */,
			);
			defaultConfigurationIsVisible = 0;
			defaultConfigurationName = Release;
		};
		891510161F7D7AD500252319 /* Build configuration list for PBXNativeTarget "collectivelyUITests" */ = {
			isa = XCConfigurationList;
			buildConfigurations = (
				891510171F7D7AD500252319 /* Debug */,
				891510181F7D7AD500252319 /* Release */,
			);
			defaultConfigurationIsVisible = 0;
			defaultConfigurationName = Release;
		};
/* End XCConfigurationList section */
	};
	rootObject = 89150FE01F7D7AD400252319 /* Project object */;
}
